
Microsoft Visual Studio Solution File, Format Version 12.00
# Visual Studio Version 17
VisualStudioVersion = 17.9.34622.214
MinimumVisualStudioVersion = 10.0.40219.1
Project("{FAE04EC0-301F-11D3-BF4B-00C04F79EFBC}") = "NCIT_LAB_Suprem", "NCIT_LAB_Suprem\NCIT_LAB_Suprem.csproj", "{1C6261BA-F57E-4323-B547-8844A3F33770}"
EndProject
Global
	GlobalSection(SolutionConfigurationPlatforms) = preSolution
		Debug|Any CPU = Debug|Any CPU
		Release|Any CPU = Release|Any CPU
	EndGlobalSection
	GlobalSection(ProjectConfigurationPlatforms) = postSolution
		{1C6261BA-F57E-4323-B547-8844A3F33770}.Debug|Any CPU.ActiveCfg = Debug|Any CPU
		{1C6261BA-F57E-4323-B547-8844A3F33770}.Debug|Any CPU.Build.0 = Debug|Any CPU
		{1C6261BA-F57E-4323-B547-8844A3F33770}.Release|Any CPU.ActiveCfg = Release|Any CPU
		{1C6261BA-F57E-4323-B547-8844A3F33770}.Release|Any CPU.Build.0 = Release|Any CPU
	EndGlobalSection
	GlobalSection(SolutionProperties) = preSolution
		HideSolutionNode = FALSE
	EndGlobalSection
	GlobalSection(ExtensibilityGlobals) = postSolution
		SolutionGuid = {252C67C9-2848-413C-9237-79702DEF3F5E}
	EndGlobalSection
EndGlobal
